
Microsoft Visual Studio Solution File, Format Version 12.00
# Visual Studio Version 17
VisualStudioVersion = 17.0.31903.59
MinimumVisualStudioVersion = 10.0.40219.1
Project("{FAE04EC0-301F-11D3-BF4B-00C04F79EFBC}") = "SnowyValley", "SnowyValley\SnowyValley.csproj", "{0FE391AA-5557-4CAB-BD7E-23E41AFE2083}"
EndProject
Global
	GlobalSection(SolutionConfigurationPlatforms) = preSolution
		Debug|Any CPU = Debug|Any CPU
		Release|Any CPU = Release|Any CPU
	EndGlobalSection
	GlobalSection(ProjectConfigurationPlatforms) = postSolution
		{0FE391AA-5557-4CAB-BD7E-23E41AFE2083}.Debug|Any CPU.ActiveCfg = Debug|Any CPU
		{0FE391AA-5557-4CAB-BD7E-23E41AFE2083}.Debug|Any CPU.Build.0 = Debug|Any CPU
		{0FE391AA-5557-4CAB-BD7E-23E41AFE2083}.Release|Any CPU.ActiveCfg = Release|Any CPU
		{0FE391AA-5557-4CAB-BD7E-23E41AFE2083}.Release|Any CPU.Build.0 = Release|Any CPU
	EndGlobalSection
	GlobalSection(SolutionProperties) = preSolution
		HideSolutionNode = FALSE
	EndGlobalSection
	GlobalSection(ExtensibilityGlobals) = postSolution
		SolutionGuid = {B88F9267-9837-4927-B16A-73E1AB448071}
	EndGlobalSection
EndGlobal
